
Microsoft Visual Studio Solution File, Format Version 12.00
# Visual Studio Version 16
VisualStudioVersion = 16.0.29009.5
MinimumVisualStudioVersion = 10.0.40219.1
Project("{2150E333-8FDC-42A3-9474-1A3956D46DE8}") = "_docs", "_docs", "{AE00BF8B-5639-41F6-B3E6-B0EBC9CC0941}"
	ProjectSection(SolutionItems) = preProject
		docs\1319833657.png = docs\1319833657.png
		docs\20190619211838.png = docs\20190619211838.png
		docs\272022528694589.png = docs\272022528694589.png
		docs\272022531258132.png = docs\272022531258132.png
		README.md = README.md
	EndProjectSection
EndProject
Project("{2150E333-8FDC-42A3-9474-1A3956D46DE8}") = "_installer", "_installer", "{B4BD8072-2C25-42A4-A30A-00FD5EAD5356}"
	ProjectSection(SolutionItems) = preProject
		installer\mysql-connector-net-8.0.16.msi = installer\mysql-connector-net-8.0.16.msi
	EndProjectSection
EndProject
Project("{FAE04EC0-301F-11D3-BF4B-00C04F79EFBC}") = "Quick.Models", "Quick.Models\Quick.Models.csproj", "{A2152A70-5ECA-4734-972C-62ED9B3845AC}"
EndProject
Project("{FAE04EC0-301F-11D3-BF4B-00C04F79EFBC}") = "Quick.IRepository", "Quick.IRepository\Quick.IRepository.csproj", "{1F4C1512-1CDF-4706-A928-704562147820}"
EndProject
Project("{2150E333-8FDC-42A3-9474-1A3956D46DE8}") = "Repository", "Repository", "{4919B8BA-2114-4935-8AD3-77FF0F7145E6}"
EndProject
Project("{2150E333-8FDC-42A3-9474-1A3956D46DE8}") = "Model", "Model", "{B3809043-1B95-4862-A39D-7763E2276A24}"
EndProject
Project("{FAE04EC0-301F-11D3-BF4B-00C04F79EFBC}") = "Quick.Repository", "Quick.Repository\Quick.Repository.csproj", "{8C515E30-DA70-4CB8-9A7A-87B556AC9644}"
EndProject
Project("{2150E333-8FDC-42A3-9474-1A3956D46DE8}") = "Service", "Service", "{534CAF5C-739E-4802-9043-38D217B6C0C5}"
EndProject
Project("{2150E333-8FDC-42A3-9474-1A3956D46DE8}") = "Web", "Web", "{5C04200B-F3C9-480F-8E8A-169286196B12}"
EndProject
Project("{FAE04EC0-301F-11D3-BF4B-00C04F79EFBC}") = "Quick.Services", "Quick.Services\Quick.Services.csproj", "{2E379E40-B719-4716-AD1C-6602BFAB67B0}"
EndProject
Project("{FAE04EC0-301F-11D3-BF4B-00C04F79EFBC}") = "Quick.IServices", "Quick.IServices\Quick.IServices.csproj", "{459821BC-C714-419A-A9E2-F566DC391DFB}"
EndProject
Project("{2150E333-8FDC-42A3-9474-1A3956D46DE8}") = "Tests", "Tests", "{719743AD-D749-475A-8610-A7B296AF1350}"
EndProject
Project("{FAE04EC0-301F-11D3-BF4B-00C04F79EFBC}") = "Quick.Tests", "Quick.Tests\Quick.Tests.csproj", "{4555C8E6-CA27-44A5-8118-587688EEDCDD}"
EndProject
Project("{FAE04EC0-301F-11D3-BF4B-00C04F79EFBC}") = "QuickWeb", "QuickWeb\QuickWeb.csproj", "{57795B76-42AC-4E3F-8F54-43D18E77317A}"
EndProject
Project("{FAE04EC0-301F-11D3-BF4B-00C04F79EFBC}") = "QuickWeb.Tests", "QuickWeb.Tests\QuickWeb.Tests.csproj", "{59246C80-8926-4B4D-953C-ADAC00818257}"
EndProject
Project("{FAE04EC0-301F-11D3-BF4B-00C04F79EFBC}") = "QuickWeb.ViewModels", "QuickWeb.ViewModels\QuickWeb.ViewModels.csproj", "{8002D298-C74F-4F9E-9977-F21DB98531C1}"
EndProject
Project("{2150E333-8FDC-42A3-9474-1A3956D46DE8}") = "Common", "Common", "{83FB6BBF-0E59-47E7-AFE9-15F3305DEC8D}"
EndProject
Project("{FAE04EC0-301F-11D3-BF4B-00C04F79EFBC}") = "Quick.Common", "Quick.Common\Quick.Common.csproj", "{9C5686F1-2C33-469D-BAA6-070B3707FFD3}"
EndProject
Global
	GlobalSection(SolutionConfigurationPlatforms) = preSolution
		Debug|Any CPU = Debug|Any CPU
		Release|Any CPU = Release|Any CPU
	EndGlobalSection
	GlobalSection(ProjectConfigurationPlatforms) = postSolution
		{A2152A70-5ECA-4734-972C-62ED9B3845AC}.Debug|Any CPU.ActiveCfg = Debug|Any CPU
		{A2152A70-5ECA-4734-972C-62ED9B3845AC}.Debug|Any CPU.Build.0 = Debug|Any CPU
		{A2152A70-5ECA-4734-972C-62ED9B3845AC}.Release|Any CPU.ActiveCfg = Release|Any CPU
		{A2152A70-5ECA-4734-972C-62ED9B3845AC}.Release|Any CPU.Build.0 = Release|Any CPU
		{1F4C1512-1CDF-4706-A928-704562147820}.Debug|Any CPU.ActiveCfg = Debug|Any CPU
		{1F4C1512-1CDF-4706-A928-704562147820}.Debug|Any CPU.Build.0 = Debug|Any CPU
		{1F4C1512-1CDF-4706-A928-704562147820}.Release|Any CPU.ActiveCfg = Release|Any CPU
		{1F4C1512-1CDF-4706-A928-704562147820}.Release|Any CPU.Build.0 = Release|Any CPU
		{8C515E30-DA70-4CB8-9A7A-87B556AC9644}.Debug|Any CPU.ActiveCfg = Debug|Any CPU
		{8C515E30-DA70-4CB8-9A7A-87B556AC9644}.Debug|Any CPU.Build.0 = Debug|Any CPU
		{8C515E30-DA70-4CB8-9A7A-87B556AC9644}.Release|Any CPU.ActiveCfg = Release|Any CPU
		{8C515E30-DA70-4CB8-9A7A-87B556AC9644}.Release|Any CPU.Build.0 = Release|Any CPU
		{2E379E40-B719-4716-AD1C-6602BFAB67B0}.Debug|Any CPU.ActiveCfg = Debug|Any CPU
		{2E379E40-B719-4716-AD1C-6602BFAB67B0}.Debug|Any CPU.Build.0 = Debug|Any CPU
		{2E379E40-B719-4716-AD1C-6602BFAB67B0}.Release|Any CPU.ActiveCfg = Release|Any CPU
		{2E379E40-B719-4716-AD1C-6602BFAB67B0}.Release|Any CPU.Build.0 = Release|Any CPU
		{459821BC-C714-419A-A9E2-F566DC391DFB}.Debug|Any CPU.ActiveCfg = Debug|Any CPU
		{459821BC-C714-419A-A9E2-F566DC391DFB}.Debug|Any CPU.Build.0 = Debug|Any CPU
		{459821BC-C714-419A-A9E2-F566DC391DFB}.Release|Any CPU.ActiveCfg = Release|Any CPU
		{459821BC-C714-419A-A9E2-F566DC391DFB}.Release|Any CPU.Build.0 = Release|Any CPU
		{4555C8E6-CA27-44A5-8118-587688EEDCDD}.Debug|Any CPU.ActiveCfg = Debug|Any CPU
		{4555C8E6-CA27-44A5-8118-587688EEDCDD}.Debug|Any CPU.Build.0 = Debug|Any CPU
		{4555C8E6-CA27-44A5-8118-587688EEDCDD}.Release|Any CPU.ActiveCfg = Release|Any CPU
		{4555C8E6-CA27-44A5-8118-587688EEDCDD}.Release|Any CPU.Build.0 = Release|Any CPU
		{57795B76-42AC-4E3F-8F54-43D18E77317A}.Debug|Any CPU.ActiveCfg = Debug|Any CPU
		{57795B76-42AC-4E3F-8F54-43D18E77317A}.Debug|Any CPU.Build.0 = Debug|Any CPU
		{57795B76-42AC-4E3F-8F54-43D18E77317A}.Release|Any CPU.ActiveCfg = Release|Any CPU
		{57795B76-42AC-4E3F-8F54-43D18E77317A}.Release|Any CPU.Build.0 = Release|Any CPU
		{59246C80-8926-4B4D-953C-ADAC00818257}.Debug|Any CPU.ActiveCfg = Debug|Any CPU
		{59246C80-8926-4B4D-953C-ADAC00818257}.Debug|Any CPU.Build.0 = Debug|Any CPU
		{59246C80-8926-4B4D-953C-ADAC00818257}.Release|Any CPU.ActiveCfg = Release|Any CPU
		{59246C80-8926-4B4D-953C-ADAC00818257}.Release|Any CPU.Build.0 = Release|Any CPU
		{8002D298-C74F-4F9E-9977-F21DB98531C1}.Debug|Any CPU.ActiveCfg = Debug|Any CPU
		{8002D298-C74F-4F9E-9977-F21DB98531C1}.Debug|Any CPU.Build.0 = Debug|Any CPU
		{8002D298-C74F-4F9E-9977-F21DB98531C1}.Release|Any CPU.ActiveCfg = Release|Any CPU
		{8002D298-C74F-4F9E-9977-F21DB98531C1}.Release|Any CPU.Build.0 = Release|Any CPU
		{9C5686F1-2C33-469D-BAA6-070B3707FFD3}.Debug|Any CPU.ActiveCfg = Debug|Any CPU
		{9C5686F1-2C33-469D-BAA6-070B3707FFD3}.Debug|Any CPU.Build.0 = Debug|Any CPU
		{9C5686F1-2C33-469D-BAA6-070B3707FFD3}.Release|Any CPU.ActiveCfg = Release|Any CPU
		{9C5686F1-2C33-469D-BAA6-070B3707FFD3}.Release|Any CPU.Build.0 = Release|Any CPU
	EndGlobalSection
	GlobalSection(SolutionProperties) = preSolution
		HideSolutionNode = FALSE
	EndGlobalSection
	GlobalSection(NestedProjects) = preSolution
		{A2152A70-5ECA-4734-972C-62ED9B3845AC} = {B3809043-1B95-4862-A39D-7763E2276A24}
		{1F4C1512-1CDF-4706-A928-704562147820} = {4919B8BA-2114-4935-8AD3-77FF0F7145E6}
		{8C515E30-DA70-4CB8-9A7A-87B556AC9644} = {4919B8BA-2114-4935-8AD3-77FF0F7145E6}
		{2E379E40-B719-4716-AD1C-6602BFAB67B0} = {534CAF5C-739E-4802-9043-38D217B6C0C5}
		{459821BC-C714-419A-A9E2-F566DC391DFB} = {534CAF5C-739E-4802-9043-38D217B6C0C5}
		{4555C8E6-CA27-44A5-8118-587688EEDCDD} = {719743AD-D749-475A-8610-A7B296AF1350}
		{57795B76-42AC-4E3F-8F54-43D18E77317A} = {5C04200B-F3C9-480F-8E8A-169286196B12}
		{59246C80-8926-4B4D-953C-ADAC00818257} = {719743AD-D749-475A-8610-A7B296AF1350}
		{8002D298-C74F-4F9E-9977-F21DB98531C1} = {B3809043-1B95-4862-A39D-7763E2276A24}
		{9C5686F1-2C33-469D-BAA6-070B3707FFD3} = {83FB6BBF-0E59-47E7-AFE9-15F3305DEC8D}
	EndGlobalSection
	GlobalSection(ExtensibilityGlobals) = postSolution
		SolutionGuid = {3D254644-7E5D-4237-A5CA-3EC8223DF7F8}
	EndGlobalSection
EndGlobal
